
Microsoft Visual Studio Solution File, Format Version 11.00
# Visual Studio 2010
# SharpDevelop 4.4
Project("{FD48973F-F585-4F70-812B-4D0503B36CE9}") = "Computer programming", "Computer programming\Computer programming.pyproj", "{9DFA25C9-838E-4EBB-8521-EE2B5EED476F}"
EndProject
Global
	GlobalSection(SolutionConfigurationPlatforms) = preSolution
		Debug|Any CPU = Debug|Any CPU
		Release|Any CPU = Release|Any CPU
	EndGlobalSection
	GlobalSection(ProjectConfigurationPlatforms) = postSolution
		{9DFA25C9-838E-4EBB-8521-EE2B5EED476F}.Debug|Any CPU.Build.0 = Debug|Any CPU
		{9DFA25C9-838E-4EBB-8521-EE2B5EED476F}.Debug|Any CPU.ActiveCfg = Debug|Any CPU
		{9DFA25C9-838E-4EBB-8521-EE2B5EED476F}.Release|Any CPU.Build.0 = Release|Any CPU
		{9DFA25C9-838E-4EBB-8521-EE2B5EED476F}.Release|Any CPU.ActiveCfg = Release|Any CPU
	EndGlobalSection
EndGlobal
